# THIS IS AN AUTOGENERATED FILE. DO NOT EDIT THIS FILE DIRECTLY.
# yarn lockfile v1


"@actions/core@^1.2.2":
  version "1.2.2"
  resolved "https://registry.npm.taobao.org/@actions/core/download/@actions/core-1.2.2.tgz#3c4848d50378f9e3bcb67bcf97813382ec7369ee"
  integrity sha1-PEhI1QN4+eO8tnvPl4Ezguxzae4=

"@babel/code-frame@^7.0.0":
  version "7.8.3"
  resolved "https://registry.npm.taobao.org/@babel/code-frame/download/@babel/code-frame-7.8.3.tgz?cache=0&sync_timestamp=1578952268687&other_urls=https%3A%2F%2Fregistry.npm.taobao.org%2F%40babel%2Fcode-frame%2Fdownload%2F%40babel%2Fcode-frame-7.8.3.tgz#33e25903d7481181534e12ec0a25f16b6fcf419e"
  integrity sha1-M+JZA9dIEYFTThLsCiXxa2/PQZ4=
  dependencies:
    "@babel/highlight" "^7.8.3"

"@babel/highlight@^7.8.3":
  version "7.8.3"
  resolved "https://registry.npm.taobao.org/@babel/highlight/download/@babel/highlight-7.8.3.tgz?cache=0&sync_timestamp=1578979507798&other_urls=https%3A%2F%2Fregistry.npm.taobao.org%2F%40babel%2Fhighlight%2Fdownload%2F%40babel%2Fhighlight-7.8.3.tgz#28f173d04223eaaa59bc1d439a3836e6d1265797"
  integrity sha1-KPFz0EIj6qpZvB1Dmjg25tEmV5c=
  dependencies:
    chalk "^2.0.0"
    esutils "^2.0.2"
    js-tokens "^4.0.0"

"@sindresorhus/is@^1.0.0":
  version "1.2.0"
  resolved "https://registry.npm.taobao.org/@sindresorhus/is/download/@sindresorhus/is-1.2.0.tgz#63ce3638cb85231f3704164c90a18ef816da3fb7"
  integrity sha1-Y842OMuFIx83BBZMkKGO+BbaP7c=

"@szmarczak/http-timer@^4.0.0":
  version "4.0.5"
  resolved "https://registry.npm.taobao.org/@szmarczak/http-timer/download/@szmarczak/http-timer-4.0.5.tgz#bfbd50211e9dfa51ba07da58a14cdfd333205152"
  integrity sha1-v71QIR6d+lG6B9pYoUzf0zMgUVI=
  dependencies:
    defer-to-connect "^2.0.0"

"@types/cacheable-request@^6.0.1":
  version "6.0.1"
  resolved "https://registry.npm.taobao.org/@types/cacheable-request/download/@types/cacheable-request-6.0.1.tgz#5d22f3dded1fd3a84c0bbeb5039a7419c2c91976"
  integrity sha1-XSLz3e0f06hMC761A5p0GcLJGXY=
  dependencies:
    "@types/http-cache-semantics" "*"
    "@types/keyv" "*"
    "@types/node" "*"
    "@types/responselike" "*"

"@types/eslint-visitor-keys@^1.0.0":
  version "1.0.0"
  resolved "https://registry.npm.taobao.org/@types/eslint-visitor-keys/download/@types/eslint-visitor-keys-1.0.0.tgz#1ee30d79544ca84d68d4b3cdb0af4f205663dd2d"
  integrity sha1-HuMNeVRMqE1o1LPNsK9PIFZj3S0=

"@types/http-cache-semantics@*":
  version "4.0.0"
  resolved "https://registry.npm.taobao.org/@types/http-cache-semantics/download/@types/http-cache-semantics-4.0.0.tgz#9140779736aa2655635ee756e2467d787cfe8a2a"
  integrity sha1-kUB3lzaqJlVjXudW4kZ9eHz+iio=

"@types/json-schema@^7.0.3":
  version "7.0.4"
  resolved "https://registry.npm.taobao.org/@types/json-schema/download/@types/json-schema-7.0.4.tgz?cache=0&other_urls=https%3A%2F%2Fregistry.npm.taobao.org%2F%40types%2Fjson-schema%2Fdownload%2F%40types%2Fjson-schema-7.0.4.tgz#38fd73ddfd9b55abb1e1b2ed578cb55bd7b7d339"
  integrity sha1-OP1z3f2bVaux4bLtV4y1W9e30zk=

"@types/keyv@*":
  version "3.1.1"
  resolved "https://registry.npm.taobao.org/@types/keyv/download/@types/keyv-3.1.1.tgz#e45a45324fca9dab716ab1230ee249c9fb52cfa7"
  integrity sha1-5FpFMk/KnatxarEjDuJJyftSz6c=
  dependencies:
    "@types/node" "*"

"@types/node@*", "@types/node@^13.7.0":
  version "13.7.0"
  resolved "https://registry.npm.taobao.org/@types/node/download/@types/node-13.7.0.tgz?cache=0&sync_timestamp=1580842774756&other_urls=https%3A%2F%2Fregistry.npm.taobao.org%2F%40types%2Fnode%2Fdownload%2F%40types%2Fnode-13.7.0.tgz#b417deda18cf8400f278733499ad5547ed1abec4"
  integrity sha1-tBfe2hjPhADyeHM0ma1VR+0avsQ=

"@types/responselike@*":
  version "1.0.0"
  resolved "https://registry.npm.taobao.org/@types/responselike/download/@types/responselike-1.0.0.tgz#251f4fe7d154d2bad125abe1b429b23afd262e29"
  integrity sha1-JR9P59FU0rrRJavhtCmyOv0mLik=
  dependencies:
    "@types/node" "*"

"@types/tough-cookie@^2.3.6":
  version "2.3.6"
  resolved "https://registry.npm.taobao.org/@types/tough-cookie/download/@types/tough-cookie-2.3.6.tgz#c880579e087d7a0db13777ff8af689f4ffc7b0d5"
  integrity sha1-yIBXngh9eg2xN3f/ivaJ9P/HsNU=

"@typescript-eslint/eslint-plugin@^2.19.0":
  version "2.19.0"
  resolved "https://registry.npm.taobao.org/@typescript-eslint/eslint-plugin/download/@typescript-eslint/eslint-plugin-2.19.0.tgz#bf743448a4633e4b52bee0c40148ba072ab3adbd"
  integrity sha1-v3Q0SKRjPktSvuDEAUi6Byqzrb0=
  dependencies:
    "@typescript-eslint/experimental-utils" "2.19.0"
    eslint-utils "^1.4.3"
    functional-red-black-tree "^1.0.1"
    regexpp "^3.0.0"
    tsutils "^3.17.1"

"@typescript-eslint/experimental-utils@2.19.0":
  version "2.19.0"
  resolved "https://registry.npm.taobao.org/@typescript-eslint/experimental-utils/download/@typescript-eslint/experimental-utils-2.19.0.tgz#d5ca732f22c009e515ba09fcceb5f2127d841568"
  integrity sha1-1cpzLyLACeUVugn8zrXyEn2EFWg=
  dependencies:
    "@types/json-schema" "^7.0.3"
    "@typescript-eslint/typescript-estree" "2.19.0"
    eslint-scope "^5.0.0"

"@typescript-eslint/parser@^2.19.0":
  version "2.19.0"
  resolved "https://registry.npm.taobao.org/@typescript-eslint/parser/download/@typescript-eslint/parser-2.19.0.tgz#912160d9425395d09857dcd5382352bc98be11ae"
  integrity sha1-kSFg2UJTldCYV9zVOCNSvJi+Ea4=
  dependencies:
    "@types/eslint-visitor-keys" "^1.0.0"
    "@typescript-eslint/experimental-utils" "2.19.0"
    "@typescript-eslint/typescript-estree" "2.19.0"
    eslint-visitor-keys "^1.1.0"

"@typescript-eslint/typescript-estree@2.19.0":
  version "2.19.0"
  resolved "https://registry.npm.taobao.org/@typescript-eslint/typescript-estree/download/@typescript-eslint/typescript-estree-2.19.0.tgz#6bd7310b9827e04756fe712909f26956aac4b196"
  integrity sha1-a9cxC5gn4EdW/nEpCfJpVqrEsZY=
  dependencies:
    debug "^4.1.1"
    eslint-visitor-keys "^1.1.0"
    glob "^7.1.6"
    is-glob "^4.0.1"
    lodash "^4.17.15"
    semver "^6.3.0"
    tsutils "^3.17.1"

acorn-jsx@^5.1.0:
  version "5.1.0"
  resolved "https://registry.npm.taobao.org/acorn-jsx/download/acorn-jsx-5.1.0.tgz#294adb71b57398b0680015f0a38c563ee1db5384"
  integrity sha1-KUrbcbVzmLBoABXwo4xWPuHbU4Q=

acorn@^7.1.0:
  version "7.1.0"
  resolved "https://registry.npm.taobao.org/acorn/download/acorn-7.1.0.tgz#949d36f2c292535da602283586c2477c57eb2d6c"
  integrity sha1-lJ028sKSU12mAig1hsJHfFfrLWw=

ajv@^6.10.0, ajv@^6.10.2:
  version "6.11.0"
  resolved "https://registry.npm.taobao.org/ajv/download/ajv-6.11.0.tgz#c3607cbc8ae392d8a5a536f25b21f8e5f3f87fe9"
  integrity sha1-w2B8vIrjktilpTbyWyH45fP4f+k=
  dependencies:
    fast-deep-equal "^3.1.1"
    fast-json-stable-stringify "^2.0.0"
    json-schema-traverse "^0.4.1"
    uri-js "^4.2.2"

ansi-escapes@^4.2.1:
  version "4.3.0"
  resolved "https://registry.npm.taobao.org/ansi-escapes/download/ansi-escapes-4.3.0.tgz?cache=0&sync_timestamp=1573923659813&other_urls=https%3A%2F%2Fregistry.npm.taobao.org%2Fansi-escapes%2Fdownload%2Fansi-escapes-4.3.0.tgz#a4ce2b33d6b214b7950d8595c212f12ac9cc569d"
  integrity sha1-pM4rM9ayFLeVDYWVwhLxKsnMVp0=
  dependencies:
    type-fest "^0.8.1"

ansi-regex@^4.1.0:
  version "4.1.0"
  resolved "https://registry.npm.taobao.org/ansi-regex/download/ansi-regex-4.1.0.tgz#8b9f8f08cf1acb843756a839ca8c7e3168c51997"
  integrity sha1-i5+PCM8ay4Q3Vqg5yox+MWjFGZc=

ansi-regex@^5.0.0:
  version "5.0.0"
  resolved "https://registry.npm.taobao.org/ansi-regex/download/ansi-regex-5.0.0.tgz#388539f55179bf39339c81af30a654d69f87cb75"
  integrity sha1-OIU59VF5vzkznIGvMKZU1p+Hy3U=

ansi-styles@^3.2.0, ansi-styles@^3.2.1:
  version "3.2.1"
  resolved "https://registry.npm.taobao.org/ansi-styles/download/ansi-styles-3.2.1.tgz#41fbb20243e50b12be0f04b8dedbf07520ce841d"
  integrity sha1-QfuyAkPlCxK+DwS43tvwdSDOhB0=
  dependencies:
    color-convert "^1.9.0"

argparse@^1.0.7:
  version "1.0.10"
  resolved "https://registry.npm.taobao.org/argparse/download/argparse-1.0.10.tgz#bcd6791ea5ae09725e17e5ad988134cd40b3d911"
  integrity sha1-vNZ5HqWuCXJeF+WtmIE0zUCz2RE=
  dependencies:
    sprintf-js "~1.0.2"

astral-regex@^1.0.0:
  version "1.0.0"
  resolved "https://registry.npm.taobao.org/astral-regex/download/astral-regex-1.0.0.tgz#6c8c3fb827dd43ee3918f27b82782ab7658a6fd9"
  integrity sha1-bIw/uCfdQ+45GPJ7gngqt2WKb9k=

balanced-match@^1.0.0:
  version "1.0.0"
  resolved "https://registry.npm.taobao.org/balanced-match/download/balanced-match-1.0.0.tgz#89b4d199ab2bee49de164ea02b89ce462d71b767"
  integrity sha1-ibTRmasr7kneFk6gK4nORi1xt2c=

brace-expansion@^1.1.7:
  version "1.1.11"
  resolved "https://registry.npm.taobao.org/brace-expansion/download/brace-expansion-1.1.11.tgz#3c7fcbf529d87226f3d2f52b966ff5271eb441dd"
  integrity sha1-PH/L9SnYcibz0vUrlm/1Jx60Qd0=
  dependencies:
    balanced-match "^1.0.0"
    concat-map "0.0.1"

cacheable-lookup@^2.0.0:
  version "2.0.0"
  resolved "https://registry.npm.taobao.org/cacheable-lookup/download/cacheable-lookup-2.0.0.tgz#33b1e56f17507f5cf9bb46075112d65473fb7713"
  integrity sha1-M7HlbxdQf1z5u0YHURLWVHP7dxM=
  dependencies:
    keyv "^4.0.0"

cacheable-request@^7.0.1:
  version "7.0.1"
  resolved "https://registry.npm.taobao.org/cacheable-request/download/cacheable-request-7.0.1.tgz?cache=0&other_urls=https%3A%2F%2Fregistry.npm.taobao.org%2Fcacheable-request%2Fdownload%2Fcacheable-request-7.0.1.tgz#062031c2856232782ed694a257fa35da93942a58"
  integrity sha1-BiAxwoViMngu1pSiV/o12pOUKlg=
  dependencies:
    clone-response "^1.0.2"
    get-stream "^5.1.0"
    http-cache-semantics "^4.0.0"
    keyv "^4.0.0"
    lowercase-keys "^2.0.0"
    normalize-url "^4.1.0"
    responselike "^2.0.0"

callsites@^3.0.0:
  version "3.1.0"
  resolved "https://registry.npm.taobao.org/callsites/download/callsites-3.1.0.tgz#b3630abd8943432f54b3f0519238e33cd7df2f73"
  integrity sha1-s2MKvYlDQy9Us/BRkjjjPNffL3M=

chalk@^2.0.0, chalk@^2.1.0, chalk@^2.4.2:
  version "2.4.2"
  resolved "https://registry.npm.taobao.org/chalk/download/chalk-2.4.2.tgz#cd42541677a54333cf541a49108c1432b44c9424"
  integrity sha1-zUJUFnelQzPPVBpJEIwUMrRMlCQ=
  dependencies:
    ansi-styles "^3.2.1"
    escape-string-regexp "^1.0.5"
    supports-color "^5.3.0"

chardet@^0.7.0:
  version "0.7.0"
  resolved "https://registry.npm.taobao.org/chardet/download/chardet-0.7.0.tgz#90094849f0937f2eedc2425d0d28a9e5f0cbad9e"
  integrity sha1-kAlISfCTfy7twkJdDSip5fDLrZ4=

cli-cursor@^3.1.0:
  version "3.1.0"
  resolved "https://registry.npm.taobao.org/cli-cursor/download/cli-cursor-3.1.0.tgz#264305a7ae490d1d03bf0c9ba7c925d1753af307"
  integrity sha1-JkMFp65JDR0Dvwybp8kl0XU68wc=
  dependencies:
    restore-cursor "^3.1.0"

cli-width@^2.0.0:
  version "2.2.0"
  resolved "https://registry.npm.taobao.org/cli-width/download/cli-width-2.2.0.tgz#ff19ede8a9a5e579324147b0c11f0fbcbabed639"
  integrity sha1-/xnt6Kml5XkyQUewwR8PvLq+1jk=

clone-response@^1.0.2:
  version "1.0.2"
  resolved "https://registry.npm.taobao.org/clone-response/download/clone-response-1.0.2.tgz#d1dc973920314df67fbeb94223b4ee350239e96b"
  integrity sha1-0dyXOSAxTfZ/vrlCI7TuNQI56Ws=
  dependencies:
    mimic-response "^1.0.0"

color-convert@^1.9.0:
  version "1.9.3"
  resolved "https://registry.npm.taobao.org/color-convert/download/color-convert-1.9.3.tgz#bb71850690e1f136567de629d2d5471deda4c1e8"
  integrity sha1-u3GFBpDh8TZWfeYp0tVHHe2kweg=
  dependencies:
    color-name "1.1.3"

color-name@1.1.3:
  version "1.1.3"
  resolved "https://registry.npm.taobao.org/color-name/download/color-name-1.1.3.tgz#a7d0558bd89c42f795dd42328f740831ca53bc25"
  integrity sha1-p9BVi9icQveV3UIyj3QIMcpTvCU=

concat-map@0.0.1:
  version "0.0.1"
  resolved "https://registry.npm.taobao.org/concat-map/download/concat-map-0.0.1.tgz#d8a96bd77fd68df7793a73036a3ba0d5405d477b"
  integrity sha1-2Klr13/Wjfd5OnMDajug1UBdR3s=

cross-spawn@^6.0.5:
  version "6.0.5"
  resolved "https://registry.npm.taobao.org/cross-spawn/download/cross-spawn-6.0.5.tgz#4a5ec7c64dfae22c3a14124dbacdee846d80cbc4"
  integrity sha1-Sl7Hxk364iw6FBJNus3uhG2Ay8Q=
  dependencies:
    nice-try "^1.0.4"
    path-key "^2.0.1"
    semver "^5.5.0"
    shebang-command "^1.2.0"
    which "^1.2.9"

debug@^4.0.1, debug@^4.1.1:
  version "4.1.1"
  resolved "https://registry.npm.taobao.org/debug/download/debug-4.1.1.tgz?cache=0&other_urls=https%3A%2F%2Fregistry.npm.taobao.org%2Fdebug%2Fdownload%2Fdebug-4.1.1.tgz#3b72260255109c6b589cee050f1d516139664791"
  integrity sha1-O3ImAlUQnGtYnO4FDx1RYTlmR5E=
  dependencies:
    ms "^2.1.1"

decompress-response@^5.0.0:
  version "5.0.0"
  resolved "https://registry.npm.taobao.org/decompress-response/download/decompress-response-5.0.0.tgz#7849396e80e3d1eba8cb2f75ef4930f76461cb0f"
  integrity sha1-eEk5boDj0euoyy9170kw92Rhyw8=
  dependencies:
    mimic-response "^2.0.0"

deep-is@~0.1.3:
  version "0.1.3"
  resolved "https://registry.npm.taobao.org/deep-is/download/deep-is-0.1.3.tgz#b369d6fb5dbc13eecf524f91b070feedc357cf34"
  integrity sha1-s2nW+128E+7PUk+RsHD+7cNXzzQ=

defer-to-connect@^2.0.0:
  version "2.0.0"
  resolved "https://registry.npm.taobao.org/defer-to-connect/download/defer-to-connect-2.0.0.tgz#83d6b199db041593ac84d781b5222308ccf4c2c1"
  integrity sha1-g9axmdsEFZOshNeBtSIjCMz0wsE=

doctrine@^3.0.0:
  version "3.0.0"
  resolved "https://registry.npm.taobao.org/doctrine/download/doctrine-3.0.0.tgz#addebead72a6574db783639dc87a121773973961"
  integrity sha1-rd6+rXKmV023g2OdyHoSF3OXOWE=
  dependencies:
    esutils "^2.0.2"

duplexer3@^0.1.4:
  version "0.1.4"
  resolved "https://registry.npm.taobao.org/duplexer3/download/duplexer3-0.1.4.tgz#ee01dd1cac0ed3cbc7fdbea37dc0a8f1ce002ce2"
  integrity sha1-7gHdHKwO08vH/b6jfcCo8c4ALOI=

emoji-regex@^7.0.1:
  version "7.0.3"
  resolved "https://registry.npm.taobao.org/emoji-regex/download/emoji-regex-7.0.3.tgz#933a04052860c85e83c122479c4748a8e4c72156"
  integrity sha1-kzoEBShgyF6DwSJHnEdIqOTHIVY=

emoji-regex@^8.0.0:
  version "8.0.0"
  resolved "https://registry.npm.taobao.org/emoji-regex/download/emoji-regex-8.0.0.tgz#e818fd69ce5ccfcb404594f842963bf53164cc37"
  integrity sha1-6Bj9ac5cz8tARZT4QpY79TFkzDc=

end-of-stream@^1.1.0:
  version "1.4.4"
  resolved "https://registry.npm.taobao.org/end-of-stream/download/end-of-stream-1.4.4.tgz?cache=0&sync_timestamp=1569416267505&other_urls=https%3A%2F%2Fregistry.npm.taobao.org%2Fend-of-stream%2Fdownload%2Fend-of-stream-1.4.4.tgz#5ae64a5f45057baf3626ec14da0ca5e4b2431eb0"
  integrity sha1-WuZKX0UFe682JuwU2gyl5LJDHrA=
  dependencies:
    once "^1.4.0"

escape-string-regexp@^1.0.5:
  version "1.0.5"
  resolved "https://registry.npm.taobao.org/escape-string-regexp/download/escape-string-regexp-1.0.5.tgz#1b61c0562190a8dff6ae3bb2cf0200ca130b86d4"
  integrity sha1-G2HAViGQqN/2rjuyzwIAyhMLhtQ=

eslint-scope@^5.0.0:
  version "5.0.0"
  resolved "https://registry.npm.taobao.org/eslint-scope/download/eslint-scope-5.0.0.tgz#e87c8887c73e8d1ec84f1ca591645c358bfc8fb9"
  integrity sha1-6HyIh8c+jR7ITxylkWRcNYv8j7k=
  dependencies:
    esrecurse "^4.1.0"
    estraverse "^4.1.1"

eslint-utils@^1.4.3:
  version "1.4.3"
  resolved "https://registry.npm.taobao.org/eslint-utils/download/eslint-utils-1.4.3.tgz?cache=0&sync_timestamp=1577351142754&other_urls=https%3A%2F%2Fregistry.npm.taobao.org%2Feslint-utils%2Fdownload%2Feslint-utils-1.4.3.tgz#74fec7c54d0776b6f67e0251040b5806564e981f"
  integrity sha1-dP7HxU0Hdrb2fgJRBAtYBlZOmB8=
  dependencies:
    eslint-visitor-keys "^1.1.0"

eslint-visitor-keys@^1.1.0:
  version "1.1.0"
  resolved "https://registry.npm.taobao.org/eslint-visitor-keys/download/eslint-visitor-keys-1.1.0.tgz#e2a82cea84ff246ad6fb57f9bde5b46621459ec2"
  integrity sha1-4qgs6oT/JGrW+1f5veW0ZiFFnsI=

eslint@^6.8.0:
  version "6.8.0"
  resolved "https://registry.npm.taobao.org/eslint/download/eslint-6.8.0.tgz#62262d6729739f9275723824302fb227c8c93ffb"
  integrity sha1-YiYtZylzn5J1cjgkMC+yJ8jJP/s=
  dependencies:
    "@babel/code-frame" "^7.0.0"
    ajv "^6.10.0"
    chalk "^2.1.0"
    cross-spawn "^6.0.5"
    debug "^4.0.1"
    doctrine "^3.0.0"
    eslint-scope "^5.0.0"
    eslint-utils "^1.4.3"
    eslint-visitor-keys "^1.1.0"
    espree "^6.1.2"
    esquery "^1.0.1"
    esutils "^2.0.2"
    file-entry-cache "^5.0.1"
    functional-red-black-tree "^1.0.1"
    glob-parent "^5.0.0"
    globals "^12.1.0"
    ignore "^4.0.6"
    import-fresh "^3.0.0"
    imurmurhash "^0.1.4"
    inquirer "^7.0.0"
    is-glob "^4.0.0"
    js-yaml "^3.13.1"
    json-stable-stringify-without-jsonify "^1.0.1"
    levn "^0.3.0"
    lodash "^4.17.14"
    minimatch "^3.0.4"
    mkdirp "^0.5.1"
    natural-compare "^1.4.0"
    optionator "^0.8.3"
    progress "^2.0.0"
    regexpp "^2.0.1"
    semver "^6.1.2"
    strip-ansi "^5.2.0"
    strip-json-comments "^3.0.1"
    table "^5.2.3"
    text-table "^0.2.0"
    v8-compile-cache "^2.0.3"

espree@^6.1.2:
  version "6.1.2"
  resolved "https://registry.npm.taobao.org/espree/download/espree-6.1.2.tgz?cache=0&sync_timestamp=1571624368510&other_urls=https%3A%2F%2Fregistry.npm.taobao.org%2Fespree%2Fdownload%2Fespree-6.1.2.tgz#6c272650932b4f91c3714e5e7b5f5e2ecf47262d"
  integrity sha1-bCcmUJMrT5HDcU5ee19eLs9HJi0=
  dependencies:
    acorn "^7.1.0"
    acorn-jsx "^5.1.0"
    eslint-visitor-keys "^1.1.0"

esprima@^4.0.0:
  version "4.0.1"
  resolved "https://registry.npm.taobao.org/esprima/download/esprima-4.0.1.tgz?cache=0&other_urls=https%3A%2F%2Fregistry.npm.taobao.org%2Fesprima%2Fdownload%2Fesprima-4.0.1.tgz#13b04cdb3e6c5d19df91ab6987a8695619b0aa71"
  integrity sha1-E7BM2z5sXRnfkatph6hpVhmwqnE=

esquery@^1.0.1:
  version "1.0.1"
  resolved "https://registry.npm.taobao.org/esquery/download/esquery-1.0.1.tgz#406c51658b1f5991a5f9b62b1dc25b00e3e5c708"
  integrity sha1-QGxRZYsfWZGl+bYrHcJbAOPlxwg=
  dependencies:
    estraverse "^4.0.0"

esrecurse@^4.1.0:
  version "4.2.1"
  resolved "https://registry.npm.taobao.org/esrecurse/download/esrecurse-4.2.1.tgz#007a3b9fdbc2b3bb87e4879ea19c92fdbd3942cf"
  integrity sha1-AHo7n9vCs7uH5IeeoZyS/b05Qs8=
  dependencies:
    estraverse "^4.1.0"

estraverse@^4.0.0, estraverse@^4.1.0, estraverse@^4.1.1:
  version "4.3.0"
  resolved "https://registry.npm.taobao.org/estraverse/download/estraverse-4.3.0.tgz#398ad3f3c5a24948be7725e83d11a7de28cdbd1d"
  integrity sha1-OYrT88WiSUi+dyXoPRGn3ijNvR0=

esutils@^2.0.2:
  version "2.0.3"
  resolved "https://registry.npm.taobao.org/esutils/download/esutils-2.0.3.tgz#74d2eb4de0b8da1293711910d50775b9b710ef64"
  integrity sha1-dNLrTeC42hKTcRkQ1Qd1ubcQ72Q=

external-editor@^3.0.3:
  version "3.1.0"
  resolved "https://registry.npm.taobao.org/external-editor/download/external-editor-3.1.0.tgz?cache=0&sync_timestamp=1562602917731&other_urls=https%3A%2F%2Fregistry.npm.taobao.org%2Fexternal-editor%2Fdownload%2Fexternal-editor-3.1.0.tgz#cb03f740befae03ea4d283caed2741a83f335495"
  integrity sha1-ywP3QL764D6k0oPK7SdBqD8zVJU=
  dependencies:
    chardet "^0.7.0"
    iconv-lite "^0.4.24"
    tmp "^0.0.33"

fast-deep-equal@^3.1.1:
  version "3.1.1"
  resolved "https://registry.npm.taobao.org/fast-deep-equal/download/fast-deep-equal-3.1.1.tgz#545145077c501491e33b15ec408c294376e94ae4"
  integrity sha1-VFFFB3xQFJHjOxXsQIwpQ3bpSuQ=

fast-json-stable-stringify@^2.0.0:
  version "2.1.0"
  resolved "https://registry.npm.taobao.org/fast-json-stable-stringify/download/fast-json-stable-stringify-2.1.0.tgz?cache=0&sync_timestamp=1576340291001&other_urls=https%3A%2F%2Fregistry.npm.taobao.org%2Ffast-json-stable-stringify%2Fdownload%2Ffast-json-stable-stringify-2.1.0.tgz#874bf69c6f404c2b5d99c481341399fd55892633"
  integrity sha1-h0v2nG9ATCtdmcSBNBOZ/VWJJjM=

fast-levenshtein@~2.0.6:
  version "2.0.6"
  resolved "https://registry.npm.taobao.org/fast-levenshtein/download/fast-levenshtein-2.0.6.tgz#3d8a5c66883a16a30ca8643e851f19baa7797917"
  integrity sha1-PYpcZog6FqMMqGQ+hR8Zuqd5eRc=

figures@^3.0.0:
  version "3.1.0"
  resolved "https://registry.npm.taobao.org/figures/download/figures-3.1.0.tgz?cache=0&sync_timestamp=1571715201547&other_urls=https%3A%2F%2Fregistry.npm.taobao.org%2Ffigures%2Fdownload%2Ffigures-3.1.0.tgz#4b198dd07d8d71530642864af2d45dd9e459c4ec"
  integrity sha1-SxmN0H2NcVMGQoZK8tRd2eRZxOw=
  dependencies:
    escape-string-regexp "^1.0.5"

file-entry-cache@^5.0.1:
  version "5.0.1"
  resolved "https://registry.npm.taobao.org/file-entry-cache/download/file-entry-cache-5.0.1.tgz#ca0f6efa6dd3d561333fb14515065c2fafdf439c"
  integrity sha1-yg9u+m3T1WEzP7FFFQZcL6/fQ5w=
  dependencies:
    flat-cache "^2.0.1"

flat-cache@^2.0.1:
  version "2.0.1"
  resolved "https://registry.npm.taobao.org/flat-cache/download/flat-cache-2.0.1.tgz#5d296d6f04bda44a4630a301413bdbc2ec085ec0"
  integrity sha1-XSltbwS9pEpGMKMBQTvbwuwIXsA=
  dependencies:
    flatted "^2.0.0"
    rimraf "2.6.3"
    write "1.0.3"

flatted@^2.0.0:
  version "2.0.1"
  resolved "https://registry.npm.taobao.org/flatted/download/flatted-2.0.1.tgz?cache=0&sync_timestamp=1561466276595&other_urls=https%3A%2F%2Fregistry.npm.taobao.org%2Fflatted%2Fdownload%2Fflatted-2.0.1.tgz#69e57caa8f0eacbc281d2e2cb458d46fdb449e08"
  integrity sha1-aeV8qo8OrLwoHS4stFjUb9tEngg=

fs.realpath@^1.0.0:
  version "1.0.0"
  resolved "https://registry.npm.taobao.org/fs.realpath/download/fs.realpath-1.0.0.tgz#1504ad2523158caa40db4a2787cb01411994ea4f"
  integrity sha1-FQStJSMVjKpA20onh8sBQRmU6k8=

functional-red-black-tree@^1.0.1:
  version "1.0.1"
  resolved "https://registry.npm.taobao.org/functional-red-black-tree/download/functional-red-black-tree-1.0.1.tgz#1b0ab3bd553b2a0d6399d29c0e3ea0b252078327"
  integrity sha1-GwqzvVU7Kg1jmdKcDj6gslIHgyc=

get-stream@^5.0.0, get-stream@^5.1.0:
  version "5.1.0"
  resolved "https://registry.npm.taobao.org/get-stream/download/get-stream-5.1.0.tgz#01203cdc92597f9b909067c3e656cc1f4d3c4dc9"
  integrity sha1-ASA83JJZf5uQkGfD5lbMH008Tck=
  dependencies:
    pump "^3.0.0"

glob-parent@^5.0.0:
  version "5.1.0"
  resolved "https://registry.npm.taobao.org/glob-parent/download/glob-parent-5.1.0.tgz#5f4c1d1e748d30cd73ad2944b3577a81b081e8c2"
  integrity sha1-X0wdHnSNMM1zrSlEs1d6gbCB6MI=
  dependencies:
    is-glob "^4.0.1"

glob@^7.1.3, glob@^7.1.6:
  version "7.1.6"
  resolved "https://registry.npm.taobao.org/glob/download/glob-7.1.6.tgz#141f33b81a7c2492e125594307480c46679278a6"
  integrity sha1-FB8zuBp8JJLhJVlDB0gMRmeSeKY=
  dependencies:
    fs.realpath "^1.0.0"
    inflight "^1.0.4"
    inherits "2"
    minimatch "^3.0.4"
    once "^1.3.0"
    path-is-absolute "^1.0.0"

globals@^12.1.0:
  version "12.3.0"
  resolved "https://registry.npm.taobao.org/globals/download/globals-12.3.0.tgz?cache=0&sync_timestamp=1574143125979&other_urls=https%3A%2F%2Fregistry.npm.taobao.org%2Fglobals%2Fdownload%2Fglobals-12.3.0.tgz#1e564ee5c4dded2ab098b0f88f24702a3c56be13"
  integrity sha1-HlZO5cTd7SqwmLD4jyRwKjxWvhM=
  dependencies:
    type-fest "^0.8.1"

got@^10.5.2:
  version "10.5.2"
  resolved "https://registry.npm.taobao.org/got/download/got-10.5.2.tgz?cache=0&sync_timestamp=1581059021528&other_urls=https%3A%2F%2Fregistry.npm.taobao.org%2Fgot%2Fdownload%2Fgot-10.5.2.tgz#28a35ed7d6dac64fe58074965d9bb17c941b8fe0"
  integrity sha1-KKNe19baxk/lgHSWXZuxfJQbj+A=
  dependencies:
    "@sindresorhus/is" "^1.0.0"
    "@szmarczak/http-timer" "^4.0.0"
    "@types/cacheable-request" "^6.0.1"
    cacheable-lookup "^2.0.0"
    cacheable-request "^7.0.1"
    decompress-response "^5.0.0"
    duplexer3 "^0.1.4"
    get-stream "^5.0.0"
    lowercase-keys "^2.0.0"
    mimic-response "^2.0.0"
    p-cancelable "^2.0.0"
    p-event "^4.0.0"
    responselike "^2.0.0"
    to-readable-stream "^2.0.0"
    type-fest "^0.9.0"

has-flag@^3.0.0:
  version "3.0.0"
  resolved "https://registry.npm.taobao.org/has-flag/download/has-flag-3.0.0.tgz#b5d454dc2199ae225699f3467e5a07f3b955bafd"
  integrity sha1-tdRU3CGZriJWmfNGfloH87lVuv0=

http-cache-semantics@^4.0.0:
  version "4.0.3"
  resolved "https://registry.npm.taobao.org/http-cache-semantics/download/http-cache-semantics-4.0.3.tgz#495704773277eeef6e43f9ab2c2c7d259dda25c5"
  integrity sha1-SVcEdzJ37u9uQ/mrLCx9JZ3aJcU=

iconv-lite@^0.4.24:
  version "0.4.24"
  resolved "https://registry.npm.taobao.org/iconv-lite/download/iconv-lite-0.4.24.tgz?cache=0&sync_timestamp=1579333981154&other_urls=https%3A%2F%2Fregistry.npm.taobao.org%2Ficonv-lite%2Fdownload%2Ficonv-lite-0.4.24.tgz#2022b4b25fbddc21d2f524974a474aafe733908b"
  integrity sha1-ICK0sl+93CHS9SSXSkdKr+czkIs=
  dependencies:
    safer-buffer ">= 2.1.2 < 3"

ignore@^4.0.6:
  version "4.0.6"
  resolved "https://registry.npm.taobao.org/ignore/download/ignore-4.0.6.tgz#750e3db5862087b4737ebac8207ffd1ef27b25fc"
  integrity sha1-dQ49tYYgh7RzfrrIIH/9HvJ7Jfw=

import-fresh@^3.0.0:
  version "3.2.1"
  resolved "https://registry.npm.taobao.org/import-fresh/download/import-fresh-3.2.1.tgz#633ff618506e793af5ac91bf48b72677e15cbe66"
  integrity sha1-Yz/2GFBueTr1rJG/SLcmd+FcvmY=
  dependencies:
    parent-module "^1.0.0"
    resolve-from "^4.0.0"

imurmurhash@^0.1.4:
  version "0.1.4"
  resolved "https://registry.npm.taobao.org/imurmurhash/download/imurmurhash-0.1.4.tgz#9218b9b2b928a238b13dc4fb6b6d576f231453ea"
  integrity sha1-khi5srkoojixPcT7a21XbyMUU+o=

inflight@^1.0.4:
  version "1.0.6"
  resolved "https://registry.npm.taobao.org/inflight/download/inflight-1.0.6.tgz#49bd6331d7d02d0c09bc910a1075ba8165b56df9"
  integrity sha1-Sb1jMdfQLQwJvJEKEHW6gWW1bfk=
  dependencies:
    once "^1.3.0"
    wrappy "1"

inherits@2:
  version "2.0.4"
  resolved "https://registry.npm.taobao.org/inherits/download/inherits-2.0.4.tgz#0fa2c64f932917c3433a0ded55363aae37416b7c"
  integrity sha1-D6LGT5MpF8NDOg3tVTY6rjdBa3w=

inquirer@^7.0.0:
  version "7.0.4"
  resolved "https://registry.npm.taobao.org/inquirer/download/inquirer-7.0.4.tgz?cache=0&other_urls=https%3A%2F%2Fregistry.npm.taobao.org%2Finquirer%2Fdownload%2Finquirer-7.0.4.tgz#99af5bde47153abca23f5c7fc30db247f39da703"
  integrity sha1-ma9b3kcVOryiP1x/ww2yR/OdpwM=
  dependencies:
    ansi-escapes "^4.2.1"
    chalk "^2.4.2"
    cli-cursor "^3.1.0"
    cli-width "^2.0.0"
    external-editor "^3.0.3"
    figures "^3.0.0"
    lodash "^4.17.15"
    mute-stream "0.0.8"
    run-async "^2.2.0"
    rxjs "^6.5.3"
    string-width "^4.1.0"
    strip-ansi "^5.1.0"
    through "^2.3.6"

ip-regex@^2.1.0:
  version "2.1.0"
  resolved "https://registry.npm.taobao.org/ip-regex/download/ip-regex-2.1.0.tgz#fa78bf5d2e6913c911ce9f819ee5146bb6d844e9"
  integrity sha1-+ni/XS5pE8kRzp+BnuUUa7bYROk=

is-extglob@^2.1.1:
  version "2.1.1"
  resolved "https://registry.npm.taobao.org/is-extglob/download/is-extglob-2.1.1.tgz#a88c02535791f02ed37c76a1b9ea9773c833f8c2"
  integrity sha1-qIwCU1eR8C7TfHahueqXc8gz+MI=

is-fullwidth-code-point@^2.0.0:
  version "2.0.0"
  resolved "https://registry.npm.taobao.org/is-fullwidth-code-point/download/is-fullwidth-code-point-2.0.0.tgz#a3b30a5c4f199183167aaab93beefae3ddfb654f"
  integrity sha1-o7MKXE8ZkYMWeqq5O+764937ZU8=

is-fullwidth-code-point@^3.0.0:
  version "3.0.0"
  resolved "https://registry.npm.taobao.org/is-fullwidth-code-point/download/is-fullwidth-code-point-3.0.0.tgz#f116f8064fe90b3f7844a38997c0b75051269f1d"
  integrity sha1-8Rb4Bk/pCz94RKOJl8C3UFEmnx0=

is-glob@^4.0.0, is-glob@^4.0.1:
  version "4.0.1"
  resolved "https://registry.npm.taobao.org/is-glob/download/is-glob-4.0.1.tgz#7567dbe9f2f5e2467bc77ab83c4a29482407a5dc"
  integrity sha1-dWfb6fL14kZ7x3q4PEopSCQHpdw=
  dependencies:
    is-extglob "^2.1.1"

is-promise@^2.1.0:
  version "2.1.0"
  resolved "https://registry.npm.taobao.org/is-promise/download/is-promise-2.1.0.tgz?cache=0&other_urls=https%3A%2F%2Fregistry.npm.taobao.org%2Fis-promise%2Fdownload%2Fis-promise-2.1.0.tgz#79a2a9ece7f096e80f36d2b2f3bc16c1ff4bf3fa"
  integrity sha1-eaKp7OfwlugPNtKy87wWwf9L8/o=

isexe@^2.0.0:
  version "2.0.0"
  resolved "https://registry.npm.taobao.org/isexe/download/isexe-2.0.0.tgz#e8fbf374dc556ff8947a10dcb0572d633f2cfa10"
  integrity sha1-6PvzdNxVb/iUehDcsFctYz8s+hA=

js-tokens@^4.0.0:
  version "4.0.0"
  resolved "https://registry.npm.taobao.org/js-tokens/download/js-tokens-4.0.0.tgz#19203fb59991df98e3a287050d4647cdeaf32499"
  integrity sha1-GSA/tZmR35jjoocFDUZHzerzJJk=

js-yaml@^3.13.1:
  version "3.13.1"
  resolved "https://registry.npm.taobao.org/js-yaml/download/js-yaml-3.13.1.tgz#aff151b30bfdfa8e49e05da22e7415e9dfa37847"
  integrity sha1-r/FRswv9+o5J4F2iLnQV6d+jeEc=
  dependencies:
    argparse "^1.0.7"
    esprima "^4.0.0"

json-buffer@3.0.1:
  version "3.0.1"
  resolved "https://registry.npm.taobao.org/json-buffer/download/json-buffer-3.0.1.tgz#9338802a30d3b6605fbe0613e094008ca8c05a13"
  integrity sha1-kziAKjDTtmBfvgYT4JQAjKjAWhM=

json-schema-traverse@^0.4.1:
  version "0.4.1"
  resolved "https://registry.npm.taobao.org/json-schema-traverse/download/json-schema-traverse-0.4.1.tgz#69f6a87d9513ab8bb8fe63bdb0979c448e684660"
  integrity sha1-afaofZUTq4u4/mO9sJecRI5oRmA=

json-stable-stringify-without-jsonify@^1.0.1:
  version "1.0.1"
  resolved "https://registry.npm.taobao.org/json-stable-stringify-without-jsonify/download/json-stable-stringify-without-jsonify-1.0.1.tgz#9db7b59496ad3f3cfef30a75142d2d930ad72651"
  integrity sha1-nbe1lJatPzz+8wp1FC0tkwrXJlE=

keyv@^4.0.0:
  version "4.0.0"
  resolved "https://registry.npm.taobao.org/keyv/download/keyv-4.0.0.tgz?cache=0&sync_timestamp=1573883501493&other_urls=https%3A%2F%2Fregistry.npm.taobao.org%2Fkeyv%2Fdownload%2Fkeyv-4.0.0.tgz#2d1dab694926b2d427e4c74804a10850be44c12f"
  integrity sha1-LR2raUkmstQn5MdIBKEIUL5EwS8=
  dependencies:
    json-buffer "3.0.1"

levn@^0.3.0, levn@~0.3.0:
  version "0.3.0"
  resolved "https://registry.npm.taobao.org/levn/download/levn-0.3.0.tgz#3b09924edf9f083c0490fdd4c0bc4421e04764ee"
  integrity sha1-OwmSTt+fCDwEkP3UwLxEIeBHZO4=
  dependencies:
    prelude-ls "~1.1.2"
    type-check "~0.3.2"

lodash@^4.17.14, lodash@^4.17.15:
  version "4.17.15"
  resolved "https://registry.npm.taobao.org/lodash/download/lodash-4.17.15.tgz#b447f6670a0455bbfeedd11392eff330ea097548"
  integrity sha1-tEf2ZwoEVbv+7dETku/zMOoJdUg=

lowercase-keys@^2.0.0:
  version "2.0.0"
  resolved "https://registry.npm.taobao.org/lowercase-keys/download/lowercase-keys-2.0.0.tgz#2603e78b7b4b0006cbca2fbcc8a3202558ac9479"
  integrity sha1-JgPni3tLAAbLyi+8yKMgJVislHk=

mimic-fn@^2.1.0:
  version "2.1.0"
  resolved "https://registry.npm.taobao.org/mimic-fn/download/mimic-fn-2.1.0.tgz#7ed2c2ccccaf84d3ffcb7a69b57711fc2083401b"
  integrity sha1-ftLCzMyvhNP/y3pptXcR/CCDQBs=

mimic-response@^1.0.0:
  version "1.0.1"
  resolved "https://registry.npm.taobao.org/mimic-response/download/mimic-response-1.0.1.tgz#4923538878eef42063cb8a3e3b0798781487ab1b"
  integrity sha1-SSNTiHju9CBjy4o+OweYeBSHqxs=

mimic-response@^2.0.0:
  version "2.0.0"
  resolved "https://registry.npm.taobao.org/mimic-response/download/mimic-response-2.0.0.tgz#996a51c60adf12cb8a87d7fb8ef24c2f3d5ebb46"
  integrity sha1-mWpRxgrfEsuKh9f7jvJMLz1eu0Y=

minimatch@^3.0.4:
  version "3.0.4"
  resolved "https://registry.npm.taobao.org/minimatch/download/minimatch-3.0.4.tgz?cache=0&other_urls=https%3A%2F%2Fregistry.npm.taobao.org%2Fminimatch%2Fdownload%2Fminimatch-3.0.4.tgz#5166e286457f03306064be5497e8dbb0c3d32083"
  integrity sha1-UWbihkV/AzBgZL5Ul+jbsMPTIIM=
  dependencies:
    brace-expansion "^1.1.7"

minimist@0.0.8:
  version "0.0.8"
  resolved "https://registry.npm.taobao.org/minimist/download/minimist-0.0.8.tgz?cache=0&other_urls=https%3A%2F%2Fregistry.npm.taobao.org%2Fminimist%2Fdownload%2Fminimist-0.0.8.tgz#857fcabfc3397d2625b8228262e86aa7a011b05d"
  integrity sha1-hX/Kv8M5fSYluCKCYuhqp6ARsF0=

mkdirp@^0.5.1:
  version "0.5.1"
  resolved "https://registry.npm.taobao.org/mkdirp/download/mkdirp-0.5.1.tgz#30057438eac6cf7f8c4767f38648d6697d75c903"
  integrity sha1-MAV0OOrGz3+MR2fzhkjWaX11yQM=
  dependencies:
    minimist "0.0.8"

ms@^2.1.1:
  version "2.1.2"
  resolved "https://registry.npm.taobao.org/ms/download/ms-2.1.2.tgz#d09d1f357b443f493382a8eb3ccd183872ae6009"
  integrity sha1-0J0fNXtEP0kzgqjrPM0YOHKuYAk=

mute-stream@0.0.8:
  version "0.0.8"
  resolved "https://registry.npm.taobao.org/mute-stream/download/mute-stream-0.0.8.tgz#1630c42b2251ff81e2a283de96a5497ea92e5e0d"
  integrity sha1-FjDEKyJR/4HiooPelqVJfqkuXg0=

natural-compare@^1.4.0:
  version "1.4.0"
  resolved "https://registry.npm.taobao.org/natural-compare/download/natural-compare-1.4.0.tgz#4abebfeed7541f2c27acfb29bdbbd15c8d5ba4f7"
  integrity sha1-Sr6/7tdUHywnrPspvbvRXI1bpPc=

nice-try@^1.0.4:
  version "1.0.5"
  resolved "https://registry.npm.taobao.org/nice-try/download/nice-try-1.0.5.tgz#a3378a7696ce7d223e88fc9b764bd7ef1089e366"
  integrity sha1-ozeKdpbOfSI+iPybdkvX7xCJ42Y=

normalize-url@^4.1.0:
  version "4.5.0"
  resolved "https://registry.npm.taobao.org/normalize-url/download/normalize-url-4.5.0.tgz?cache=0&sync_timestamp=1580491491752&other_urls=https%3A%2F%2Fregistry.npm.taobao.org%2Fnormalize-url%2Fdownload%2Fnormalize-url-4.5.0.tgz#453354087e6ca96957bd8f5baf753f5982142129"
  integrity sha1-RTNUCH5sqWlXvY9br3U/WYIUISk=

once@^1.3.0, once@^1.3.1, once@^1.4.0:
  version "1.4.0"
  resolved "https://registry.npm.taobao.org/once/download/once-1.4.0.tgz#583b1aa775961d4b113ac17d9c50baef9dd76bd1"
  integrity sha1-WDsap3WWHUsROsF9nFC6753Xa9E=
  dependencies:
    wrappy "1"

onetime@^5.1.0:
  version "5.1.0"
  resolved "https://registry.npm.taobao.org/onetime/download/onetime-5.1.0.tgz#fff0f3c91617fe62bb50189636e99ac8a6df7be5"
  integrity sha1-//DzyRYX/mK7UBiWNumayKbfe+U=
  dependencies:
    mimic-fn "^2.1.0"

optionator@^0.8.3:
  version "0.8.3"
  resolved "https://registry.npm.taobao.org/optionator/download/optionator-0.8.3.tgz#84fa1d036fe9d3c7e21d99884b601167ec8fb495"
  integrity sha1-hPodA2/p08fiHZmIS2ARZ+yPtJU=
  dependencies:
    deep-is "~0.1.3"
    fast-levenshtein "~2.0.6"
    levn "~0.3.0"
    prelude-ls "~1.1.2"
    type-check "~0.3.2"
    word-wrap "~1.2.3"

os-tmpdir@~1.0.2:
  version "1.0.2"
  resolved "https://registry.npm.taobao.org/os-tmpdir/download/os-tmpdir-1.0.2.tgz#bbe67406c79aa85c5cfec766fe5734555dfa1274"
  integrity sha1-u+Z0BseaqFxc/sdm/lc0VV36EnQ=

p-cancelable@^2.0.0:
  version "2.0.0"
  resolved "https://registry.npm.taobao.org/p-cancelable/download/p-cancelable-2.0.0.tgz#4a3740f5bdaf5ed5d7c3e34882c6fb5d6b266a6e"
  integrity sha1-SjdA9b2vXtXXw+NIgsb7XWsmam4=

p-event@^4.0.0:
  version "4.1.0"
  resolved "https://registry.npm.taobao.org/p-event/download/p-event-4.1.0.tgz#e92bb866d7e8e5b732293b1c8269d38e9982bf8e"
  integrity sha1-6Su4Ztfo5bcyKTscgmnTjpmCv44=
  dependencies:
    p-timeout "^2.0.1"

p-finally@^1.0.0:
  version "1.0.0"
  resolved "https://registry.npm.taobao.org/p-finally/download/p-finally-1.0.0.tgz#3fbcfb15b899a44123b34b6dcc18b724336a2cae"
  integrity sha1-P7z7FbiZpEEjs0ttzBi3JDNqLK4=

p-timeout@^2.0.1:
  version "2.0.1"
  resolved "https://registry.npm.taobao.org/p-timeout/download/p-timeout-2.0.1.tgz?cache=0&other_urls=https%3A%2F%2Fregistry.npm.taobao.org%2Fp-timeout%2Fdownload%2Fp-timeout-2.0.1.tgz#d8dd1979595d2dc0139e1fe46b8b646cb3cdf038"
  integrity sha1-2N0ZeVldLcATnh/ka4tkbLPN8Dg=
  dependencies:
    p-finally "^1.0.0"

parent-module@^1.0.0:
  version "1.0.1"
  resolved "https://registry.npm.taobao.org/parent-module/download/parent-module-1.0.1.tgz#691d2709e78c79fae3a156622452d00762caaaa2"
  integrity sha1-aR0nCeeMefrjoVZiJFLQB2LKqqI=
  dependencies:
    callsites "^3.0.0"

path-is-absolute@^1.0.0:
  version "1.0.1"
  resolved "https://registry.npm.taobao.org/path-is-absolute/download/path-is-absolute-1.0.1.tgz#174b9268735534ffbc7ace6bf53a5a9e1b5c5f5f"
  integrity sha1-F0uSaHNVNP+8es5r9TpanhtcX18=

path-key@^2.0.1:
  version "2.0.1"
  resolved "https://registry.npm.taobao.org/path-key/download/path-key-2.0.1.tgz?cache=0&sync_timestamp=1574441404712&other_urls=https%3A%2F%2Fregistry.npm.taobao.org%2Fpath-key%2Fdownload%2Fpath-key-2.0.1.tgz#411cadb574c5a140d3a4b1910d40d80cc9f40b40"
  integrity sha1-QRyttXTFoUDTpLGRDUDYDMn0C0A=

prelude-ls@~1.1.2:
  version "1.1.2"
  resolved "https://registry.npm.taobao.org/prelude-ls/download/prelude-ls-1.1.2.tgz#21932a549f5e52ffd9a827f570e04be62a97da54"
  integrity sha1-IZMqVJ9eUv/ZqCf1cOBL5iqX2lQ=

progress@^2.0.0:
  version "2.0.3"
  resolved "https://registry.npm.taobao.org/progress/download/progress-2.0.3.tgz#7e8cf8d8f5b8f239c1bc68beb4eb78567d572ef8"
  integrity sha1-foz42PW48jnBvGi+tOt4Vn1XLvg=

psl@^1.1.28:
  version "1.7.0"
  resolved "https://registry.npm.taobao.org/psl/download/psl-1.7.0.tgz#f1c4c47a8ef97167dea5d6bbf4816d736e884a3c"
  integrity sha1-8cTEeo75cWfepda79IFtc26ISjw=

pump@^3.0.0:
  version "3.0.0"
  resolved "https://registry.npm.taobao.org/pump/download/pump-3.0.0.tgz#b4a2116815bde2f4e1ea602354e8c75565107a64"
  integrity sha1-tKIRaBW94vTh6mAjVOjHVWUQemQ=
  dependencies:
    end-of-stream "^1.1.0"
    once "^1.3.1"

punycode@^2.1.0, punycode@^2.1.1:
  version "2.1.1"
  resolved "https://registry.npm.taobao.org/punycode/download/punycode-2.1.1.tgz#b58b010ac40c22c5657616c8d2c2c02c7bf479ec"
  integrity sha1-tYsBCsQMIsVldhbI0sLALHv0eew=

regexpp@^2.0.1:
  version "2.0.1"
  resolved "https://registry.npm.taobao.org/regexpp/download/regexpp-2.0.1.tgz?cache=0&sync_timestamp=1567133099881&other_urls=https%3A%2F%2Fregistry.npm.taobao.org%2Fregexpp%2Fdownload%2Fregexpp-2.0.1.tgz#8d19d31cf632482b589049f8281f93dbcba4d07f"
  integrity sha1-jRnTHPYySCtYkEn4KB+T28uk0H8=

regexpp@^3.0.0:
  version "3.0.0"
  resolved "https://registry.npm.taobao.org/regexpp/download/regexpp-3.0.0.tgz?cache=0&sync_timestamp=1567133099881&other_urls=https%3A%2F%2Fregistry.npm.taobao.org%2Fregexpp%2Fdownload%2Fregexpp-3.0.0.tgz#dd63982ee3300e67b41c1956f850aa680d9d330e"
  integrity sha1-3WOYLuMwDme0HBlW+FCqaA2dMw4=

resolve-from@^4.0.0:
  version "4.0.0"
  resolved "https://registry.npm.taobao.org/resolve-from/download/resolve-from-4.0.0.tgz#4abcd852ad32dd7baabfe9b40e00a36db5f392e6"
  integrity sha1-SrzYUq0y3Xuqv+m0DgCjbbXzkuY=

responselike@^2.0.0:
  version "2.0.0"
  resolved "https://registry.npm.taobao.org/responselike/download/responselike-2.0.0.tgz#26391bcc3174f750f9a79eacc40a12a5c42d7723"
  integrity sha1-JjkbzDF091D5p56sxAoSpcQtdyM=
  dependencies:
    lowercase-keys "^2.0.0"

restore-cursor@^3.1.0:
  version "3.1.0"
  resolved "https://registry.npm.taobao.org/restore-cursor/download/restore-cursor-3.1.0.tgz#39f67c54b3a7a58cea5236d95cf0034239631f7e"
  integrity sha1-OfZ8VLOnpYzqUjbZXPADQjljH34=
  dependencies:
    onetime "^5.1.0"
    signal-exit "^3.0.2"

rimraf@2.6.3:
  version "2.6.3"
  resolved "https://registry.npm.taobao.org/rimraf/download/rimraf-2.6.3.tgz?cache=0&sync_timestamp=1580183175628&other_urls=https%3A%2F%2Fregistry.npm.taobao.org%2Frimraf%2Fdownload%2Frimraf-2.6.3.tgz#b2d104fe0d8fb27cf9e0a1cda8262dd3833c6cab"
  integrity sha1-stEE/g2Psnz54KHNqCYt04M8bKs=
  dependencies:
    glob "^7.1.3"

run-async@^2.2.0:
  version "2.3.0"
  resolved "https://registry.npm.taobao.org/run-async/download/run-async-2.3.0.tgz#0371ab4ae0bdd720d4166d7dfda64ff7a445a6c0"
  integrity sha1-A3GrSuC91yDUFm19/aZP96RFpsA=
  dependencies:
    is-promise "^2.1.0"

rxjs@^6.5.3:
  version "6.5.4"
  resolved "https://registry.npm.taobao.org/rxjs/download/rxjs-6.5.4.tgz#e0777fe0d184cec7872df147f303572d414e211c"
  integrity sha1-4Hd/4NGEzseHLfFH8wNXLUFOIRw=
  dependencies:
    tslib "^1.9.0"

"safer-buffer@>= 2.1.2 < 3":
  version "2.1.2"
  resolved "https://registry.npm.taobao.org/safer-buffer/download/safer-buffer-2.1.2.tgz#44fa161b0187b9549dd84bb91802f9bd8385cd6a"
  integrity sha1-RPoWGwGHuVSd2Eu5GAL5vYOFzWo=

semver@^5.5.0:
  version "5.7.1"
  resolved "https://registry.npm.taobao.org/semver/download/semver-5.7.1.tgz#a954f931aeba508d307bbf069eff0c01c96116f7"
  integrity sha1-qVT5Ma66UI0we78Gnv8MAclhFvc=

semver@^6.1.2, semver@^6.3.0:
  version "6.3.0"
  resolved "https://registry.npm.taobao.org/semver/download/semver-6.3.0.tgz#ee0a64c8af5e8ceea67687b133761e1becbd1d3d"
  integrity sha1-7gpkyK9ejO6mdoexM3YeG+y9HT0=

shebang-command@^1.2.0:
  version "1.2.0"
  resolved "https://registry.npm.taobao.org/shebang-command/download/shebang-command-1.2.0.tgz?cache=0&other_urls=https%3A%2F%2Fregistry.npm.taobao.org%2Fshebang-command%2Fdownload%2Fshebang-command-1.2.0.tgz#44aac65b695b03398968c39f363fee5deafdf1ea"
  integrity sha1-RKrGW2lbAzmJaMOfNj/uXer98eo=
  dependencies:
    shebang-regex "^1.0.0"

shebang-regex@^1.0.0:
  version "1.0.0"
  resolved "https://registry.npm.taobao.org/shebang-regex/download/shebang-regex-1.0.0.tgz#da42f49740c0b42db2ca9728571cb190c98efea3"
  integrity sha1-2kL0l0DAtC2yypcoVxyxkMmO/qM=

signal-exit@^3.0.2:
  version "3.0.2"
  resolved "https://registry.npm.taobao.org/signal-exit/download/signal-exit-3.0.2.tgz#b5fdc08f1287ea1178628e415e25132b73646c6d"
  integrity sha1-tf3AjxKH6hF4Yo5BXiUTK3NkbG0=

slice-ansi@^2.1.0:
  version "2.1.0"
  resolved "https://registry.npm.taobao.org/slice-ansi/download/slice-ansi-2.1.0.tgz#cacd7693461a637a5788d92a7dd4fba068e81636"
  integrity sha1-ys12k0YaY3pXiNkqfdT7oGjoFjY=
  dependencies:
    ansi-styles "^3.2.0"
    astral-regex "^1.0.0"
    is-fullwidth-code-point "^2.0.0"

sprintf-js@~1.0.2:
  version "1.0.3"
  resolved "https://registry.npm.taobao.org/sprintf-js/download/sprintf-js-1.0.3.tgz#04e6926f662895354f3dd015203633b857297e2c"
  integrity sha1-BOaSb2YolTVPPdAVIDYzuFcpfiw=

string-width@^3.0.0:
  version "3.1.0"
  resolved "https://registry.npm.taobao.org/string-width/download/string-width-3.1.0.tgz#22767be21b62af1081574306f69ac51b62203961"
  integrity sha1-InZ74htirxCBV0MG9prFG2IgOWE=
  dependencies:
    emoji-regex "^7.0.1"
    is-fullwidth-code-point "^2.0.0"
    strip-ansi "^5.1.0"

string-width@^4.1.0:
  version "4.2.0"
  resolved "https://registry.npm.taobao.org/string-width/download/string-width-4.2.0.tgz#952182c46cc7b2c313d1596e623992bd163b72b5"
  integrity sha1-lSGCxGzHssMT0VluYjmSvRY7crU=
  dependencies:
    emoji-regex "^8.0.0"
    is-fullwidth-code-point "^3.0.0"
    strip-ansi "^6.0.0"

strip-ansi@^5.1.0, strip-ansi@^5.2.0:
  version "5.2.0"
  resolved "https://registry.npm.taobao.org/strip-ansi/download/strip-ansi-5.2.0.tgz?cache=0&sync_timestamp=1573280577145&other_urls=https%3A%2F%2Fregistry.npm.taobao.org%2Fstrip-ansi%2Fdownload%2Fstrip-ansi-5.2.0.tgz#8c9a536feb6afc962bdfa5b104a5091c1ad9c0ae"
  integrity sha1-jJpTb+tq/JYr36WxBKUJHBrZwK4=
  dependencies:
    ansi-regex "^4.1.0"

strip-ansi@^6.0.0:
  version "6.0.0"
  resolved "https://registry.npm.taobao.org/strip-ansi/download/strip-ansi-6.0.0.tgz?cache=0&sync_timestamp=1573280577145&other_urls=https%3A%2F%2Fregistry.npm.taobao.org%2Fstrip-ansi%2Fdownload%2Fstrip-ansi-6.0.0.tgz#0b1571dd7669ccd4f3e06e14ef1eed26225ae532"
  integrity sha1-CxVx3XZpzNTz4G4U7x7tJiJa5TI=
  dependencies:
    ansi-regex "^5.0.0"

strip-json-comments@^3.0.1:
  version "3.0.1"
  resolved "https://registry.npm.taobao.org/strip-json-comments/download/strip-json-comments-3.0.1.tgz#85713975a91fb87bf1b305cca77395e40d2a64a7"
  integrity sha1-hXE5dakfuHvxswXMp3OV5A0qZKc=

supports-color@^5.3.0:
  version "5.5.0"
  resolved "https://registry.npm.taobao.org/supports-color/download/supports-color-5.5.0.tgz?cache=0&sync_timestamp=1569557363805&other_urls=https%3A%2F%2Fregistry.npm.taobao.org%2Fsupports-color%2Fdownload%2Fsupports-color-5.5.0.tgz#e2e69a44ac8772f78a1ec0b35b689df6530efc8f"
  integrity sha1-4uaaRKyHcveKHsCzW2id9lMO/I8=
  dependencies:
    has-flag "^3.0.0"

table@^5.2.3:
  version "5.4.6"
  resolved "https://registry.npm.taobao.org/table/download/table-5.4.6.tgz?cache=0&sync_timestamp=1565882045892&other_urls=https%3A%2F%2Fregistry.npm.taobao.org%2Ftable%2Fdownload%2Ftable-5.4.6.tgz#1292d19500ce3f86053b05f0e8e7e4a3bb21079e"
  integrity sha1-EpLRlQDOP4YFOwXw6Ofko7shB54=
  dependencies:
    ajv "^6.10.2"
    lodash "^4.17.14"
    slice-ansi "^2.1.0"
    string-width "^3.0.0"

text-table@^0.2.0:
  version "0.2.0"
  resolved "https://registry.npm.taobao.org/text-table/download/text-table-0.2.0.tgz#7f5ee823ae805207c00af2df4a84ec3fcfa570b4"
  integrity sha1-f17oI66AUgfACvLfSoTsP8+lcLQ=

through@^2.3.6:
  version "2.3.8"
  resolved "https://registry.npm.taobao.org/through/download/through-2.3.8.tgz#0dd4c9ffaabc357960b1b724115d7e0e86a2e1f5"
  integrity sha1-DdTJ/6q8NXlgsbckEV1+Doai4fU=

tmp@^0.0.33:
  version "0.0.33"
  resolved "https://registry.npm.taobao.org/tmp/download/tmp-0.0.33.tgz#6d34335889768d21b2bcda0aa277ced3b1bfadf9"
  integrity sha1-bTQzWIl2jSGyvNoKonfO07G/rfk=
  dependencies:
    os-tmpdir "~1.0.2"

to-readable-stream@^2.0.0:
  version "2.1.0"
  resolved "https://registry.npm.taobao.org/to-readable-stream/download/to-readable-stream-2.1.0.tgz#82880316121bea662cdc226adb30addb50cb06e8"
  integrity sha1-gogDFhIb6mYs3CJq2zCt21DLBug=

tough-cookie@^3.0.1:
  version "3.0.1"
  resolved "https://registry.npm.taobao.org/tough-cookie/download/tough-cookie-3.0.1.tgz#9df4f57e739c26930a018184887f4adb7dca73b2"
  integrity sha1-nfT1fnOcJpMKAYGEiH9K233Kc7I=
  dependencies:
    ip-regex "^2.1.0"
    psl "^1.1.28"
    punycode "^2.1.1"

tslib@^1.8.1, tslib@^1.9.0:
  version "1.10.0"
  resolved "https://registry.npm.taobao.org/tslib/download/tslib-1.10.0.tgz#c3c19f95973fb0a62973fb09d90d961ee43e5c8a"
  integrity sha1-w8GflZc/sKYpc/sJ2Q2WHuQ+XIo=

tsutils@^3.17.1:
  version "3.17.1"
  resolved "https://registry.npm.taobao.org/tsutils/download/tsutils-3.17.1.tgz#ed719917f11ca0dee586272b2ac49e015a2dd759"
  integrity sha1-7XGZF/EcoN7lhicrKsSeAVot11k=
  dependencies:
    tslib "^1.8.1"

type-check@~0.3.2:
  version "0.3.2"
  resolved "https://registry.npm.taobao.org/type-check/download/type-check-0.3.2.tgz#5884cab512cf1d355e3fb784f30804b2b520db72"
  integrity sha1-WITKtRLPHTVeP7eE8wgEsrUg23I=
  dependencies:
    prelude-ls "~1.1.2"

type-fest@^0.8.1:
  version "0.8.1"
  resolved "https://registry.npm.taobao.org/type-fest/download/type-fest-0.8.1.tgz?cache=0&other_urls=https%3A%2F%2Fregistry.npm.taobao.org%2Ftype-fest%2Fdownload%2Ftype-fest-0.8.1.tgz#09e249ebde851d3b1e48d27c105444667f17b83d"
  integrity sha1-CeJJ696FHTseSNJ8EFREZn8XuD0=

type-fest@^0.9.0:
  version "0.9.0"
  resolved "https://registry.npm.taobao.org/type-fest/download/type-fest-0.9.0.tgz?cache=0&other_urls=https%3A%2F%2Fregistry.npm.taobao.org%2Ftype-fest%2Fdownload%2Ftype-fest-0.9.0.tgz#3b7904821e42b26377831a6e9b5d2930ab19c99a"
  integrity sha1-O3kEgh5CsmN3gxpum10pMKsZyZo=

typescript@^3.7.5:
  version "3.7.5"
  resolved "https://registry.npm.taobao.org/typescript/download/typescript-3.7.5.tgz?cache=0&other_urls=https%3A%2F%2Fregistry.npm.taobao.org%2Ftypescript%2Fdownload%2Ftypescript-3.7.5.tgz#0692e21f65fd4108b9330238aac11dd2e177a1ae"
  integrity sha1-BpLiH2X9QQi5MwI4qsEd0uF3oa4=

uri-js@^4.2.2:
  version "4.2.2"
  resolved "https://registry.npm.taobao.org/uri-js/download/uri-js-4.2.2.tgz#94c540e1ff772956e2299507c010aea6c8838eb0"
  integrity sha1-lMVA4f93KVbiKZUHwBCupsiDjrA=
  dependencies:
    punycode "^2.1.0"

v8-compile-cache@^2.0.3:
  version "2.1.0"
  resolved "https://registry.npm.taobao.org/v8-compile-cache/download/v8-compile-cache-2.1.0.tgz#e14de37b31a6d194f5690d67efc4e7f6fc6ab30e"
  integrity sha1-4U3jezGm0ZT1aQ1n78Tn9vxqsw4=

which@^1.2.9:
  version "1.3.1"
  resolved "https://registry.npm.taobao.org/which/download/which-1.3.1.tgz#a45043d54f5805316da8d62f9f50918d3da70b0a"
  integrity sha1-pFBD1U9YBTFtqNYvn1CRjT2nCwo=
  dependencies:
    isexe "^2.0.0"

word-wrap@~1.2.3:
  version "1.2.3"
  resolved "https://registry.npm.taobao.org/word-wrap/download/word-wrap-1.2.3.tgz#610636f6b1f703891bd34771ccb17fb93b47079c"
  integrity sha1-YQY29rH3A4kb00dxzLF/uTtHB5w=

wrappy@1:
  version "1.0.2"
  resolved "https://registry.npm.taobao.org/wrappy/download/wrappy-1.0.2.tgz#b5243d8f3ec1aa35f1364605bc0d1036e30ab69f"
  integrity sha1-tSQ9jz7BqjXxNkYFvA0QNuMKtp8=

write@1.0.3:
  version "1.0.3"
  resolved "https://registry.npm.taobao.org/write/download/write-1.0.3.tgz#0800e14523b923a387e415123c865616aae0f5c3"
  integrity sha1-CADhRSO5I6OH5BUSPIZWFqrg9cM=
  dependencies:
    mkdirp "^0.5.1"
